// !$*UTF8*$!
{
	archiveVersion = 1;
	classes = {
	};
	objectVersion = 46;
	objects = {

/* Begin PBXBuildFile section */
		BCFD9B1F1D5C7C9E00B67E82 /* AppDelegate.swift in Sources */ = {isa = PBXBuildFile; fileRef = BCFD9B1E1D5C7C9E00B67E82 /* AppDelegate.swift */; };
		BCFD9B211D5C7C9E00B67E82 /* ViewController.swift in Sources */ = {isa = PBXBuildFile; fileRef = BCFD9B201D5C7C9E00B67E82 /* ViewController.swift */; };
		BCFD9B241D5C7C9E00B67E82 /* Main.storyboard in Resources */ = {isa = PBXBuildFile; fileRef = BCFD9B221D5C7C9E00B67E82 /* Main.storyboard */; };
		BCFD9B261D5C7C9E00B67E82 /* Assets.xcassets in Resources */ = {isa = PBXBuildFile; fileRef = BCFD9B251D5C7C9E00B67E82 /* Assets.xcassets */; };
		BCFD9B291D5C7C9E00B67E82 /* LaunchScreen.storyboard in Resources */ = {isa = PBXBuildFile; fileRef = BCFD9B271D5C7C9E00B67E82 /* LaunchScreen.storyboard */; };
		BCFD9B341D5C7C9E00B67E82 /* TestLimitTests.swift in Sources */ = {isa = PBXBuildFile; fileRef = BCFD9B331D5C7C9E00B67E82 /* TestLimitTests.swift */; };
		BCFD9B3F1D5C7C9E00B67E82 /* TestLimitUITests.swift in Sources */ = {isa = PBXBuildFile; fileRef = BCFD9B3E1D5C7C9E00B67E82 /* TestLimitUITests.swift */; };
/* End PBXBuildFile section */

/* Begin PBXContainerItemProxy section */
		BCFD9B301D5C7C9E00B67E82 /* PBXContainerItemProxy */ = {
			isa = PBXContainerItemProxy;
			containerPortal = BCFD9B131D5C7C9E00B67E82 /* Project object */;
			proxyType = 1;
			remoteGlobalIDString = BCFD9B1A1D5C7C9E00B67E82;
			remoteInfo = TestLimit;
		};
		BCFD9B3B1D5C7C9E00B67E82 /* PBXContainerItemProxy */ = {
			isa = PBXContainerItemProxy;
			containerPortal = BCFD9B131D5C7C9E00B67E82 /* Project object */;
			proxyType = 1;
			remoteGlobalIDString = BCFD9B1A1D5C7C9E00B67E82;
			remoteInfo = TestLimit;
		};
/* End PBXContainerItemProxy section */

/* Begin PBXFileReference section */
		BCFD9B1B1D5C7C9E00B67E82 /* TestLimit.app */ = {isa = PBXFileReference; explicitFileType = wrapper.application; includeInIndex = 0; path = TestLimit.app; sourceTree = BUILT_PRODUCTS_DIR; };
		BCFD9B1E1D5C7C9E00B67E82 /* AppDelegate.swift */ = {isa = PBXFileReference; lastKnownFileType = sourcecode.swift; path = AppDelegate.swift; sourceTree = "<group>"; };
		BCFD9B201D5C7C9E00B67E82 /* ViewController.swift */ = {isa = PBXFileReference; lastKnownFileType = sourcecode.swift; path = ViewController.swift; sourceTree = "<group>"; };
		BCFD9B231D5C7C9E00B67E82 /* Base */ = {isa = PBXFileReference; lastKnownFileType = file.storyboard; name = Base; path = Base.lproj/Main.storyboard; sourceTree = "<group>"; };
		BCFD9B251D5C7C9E00B67E82 /* Assets.xcassets */ = {isa = PBXFileReference; lastKnownFileType = folder.assetcatalog; path = Assets.xcassets; sourceTree = "<group>"; };
		BCFD9B281D5C7C9E00B67E82 /* Base */ = {isa = PBXFileReference; lastKnownFileType = file.storyboard; name = Base; path = Base.lproj/LaunchScreen.storyboard; sourceTree = "<group>"; };
		BCFD9B2A1D5C7C9E00B67E82 /* Info.plist */ = {isa = PBXFileReference; lastKnownFileType = text.plist.xml; path = Info.plist; sourceTree = "<group>"; };
		BCFD9B2F1D5C7C9E00B67E82 /* TestLimitTests.xctest */ = {isa = PBXFileReference; explicitFileType = wrapper.cfbundle; includeInIndex = 0; path = TestLimitTests.xctest; sourceTree = BUILT_PRODUCTS_DIR; };
		BCFD9B331D5C7C9E00B67E82 /* TestLimitTests.swift */ = {isa = PBXFileReference; lastKnownFileType = sourcecode.swift; path = TestLimitTests.swift; sourceTree = "<group>"; };
		BCFD9B351D5C7C9E00B67E82 /* Info.plist */ = {isa = PBXFileReference; lastKnownFileType = text.plist.xml; path = Info.plist; sourceTree = "<group>"; };
		BCFD9B3A1D5C7C9E00B67E82 /* TestLimitUITests.xctest */ = {isa = PBXFileReference; explicitFileType = wrapper.cfbundle; includeInIndex = 0; path = TestLimitUITests.xctest; sourceTree = BUILT_PRODUCTS_DIR; };
		BCFD9B3E1D5C7C9E00B67E82 /* TestLimitUITests.swift */ = {isa = PBXFileReference; lastKnownFileType = sourcecode.swift; path = TestLimitUITests.swift; sourceTree = "<group>"; };
		BCFD9B401D5C7C9E00B67E82 /* Info.plist */ = {isa = PBXFileReference; lastKnownFileType = text.plist.xml; path = Info.plist; sourceTree = "<group>"; };
/* End PBXFileReference section */

/* Begin PBXFrameworksBuildPhase section */
		BCFD9B181D5C7C9E00B67E82 /* Frameworks */ = {
			isa = PBXFrameworksBuildPhase;
			buildActionMask = 2147483647;
			files = (
			);
			runOnlyForDeploymentPostprocessing = 0;
		};
		BCFD9B2C1D5C7C9E00B67E82 /* Frameworks */ = {
			isa = PBXFrameworksBuildPhase;
			buildActionMask = 2147483647;
			files = (
			);
			runOnlyForDeploymentPostprocessing = 0;
		};
		BCFD9B371D5C7C9E00B67E82 /* Frameworks */ = {
			isa = PBXFrameworksBuildPhase;
			buildActionMask = 2147483647;
			files = (
			);
			runOnlyForDeploymentPostprocessing = 0;
		};
/* End PBXFrameworksBuildPhase section */

/* Begin PBXGroup section */
		BCFD9B121D5C7C9E00B67E82 = {
			isa = PBXGroup;
			children = (
				BCFD9B1D1D5C7C9E00B67E82 /* TestLimit */,
				BCFD9B321D5C7C9E00B67E82 /* TestLimitTests */,
				BCFD9B3D1D5C7C9E00B67E82 /* TestLimitUITests */,
				BCFD9B1C1D5C7C9E00B67E82 /* Products */,
			);
			sourceTree = "<group>";
		};
		BCFD9B1C1D5C7C9E00B67E82 /* Products */ = {
			isa = PBXGroup;
			children = (
				BCFD9B1B1D5C7C9E00B67E82 /* TestLimit.app */,
				BCFD9B2F1D5C7C9E00B67E82 /* TestLimitTests.xctest */,
				BCFD9B3A1D5C7C9E00B67E82 /* TestLimitUITests.xctest */,
			);
			name = Products;
			sourceTree = "<group>";
		};
		BCFD9B1D1D5C7C9E00B67E82 /* TestLimit */ = {
			isa = PBXGroup;
			children = (
				BCFD9B1E1D5C7C9E00B67E82 /* AppDelegate.swift */,
				BCFD9B201D5C7C9E00B67E82 /* ViewController.swift */,
				BCFD9B221D5C7C9E00B67E82 /* Main.storyboard */,
				BCFD9B251D5C7C9E00B67E82 /* Assets.xcassets */,
				BCFD9B271D5C7C9E00B67E82 /* LaunchScreen.storyboard */,
				BCFD9B2A1D5C7C9E00B67E82 /* Info.plist */,
			);
			path = TestLimit;
			sourceTree = "<group>";
		};
		BCFD9B321D5C7C9E00B67E82 /* TestLimitTests */ = {
			isa = PBXGroup;
			children = (
				BCFD9B331D5C7C9E00B67E82 /* TestLimitTests.swift */,
				BCFD9B351D5C7C9E00B67E82 /* Info.plist */,
			);
			path = TestLimitTests;
			sourceTree = "<group>";
		};
		BCFD9B3D1D5C7C9E00B67E82 /* TestLimitUITests */ = {
			isa = PBXGroup;
			children = (
				BCFD9B3E1D5C7C9E00B67E82 /* TestLimitUITests.swift */,
				BCFD9B401D5C7C9E00B67E82 /* Info.plist */,
			);
			path = TestLimitUITests;
			sourceTree = "<group>";
		};
/* End PBXGroup section */

/* Begin PBXNativeTarget section */
		BCFD9B1A1D5C7C9E00B67E82 /* TestLimit */ = {
			isa = PBXNativeTarget;
			buildConfigurationList = BCFD9B431D5C7C9E00B67E82 /* Build configuration list for PBXNativeTarget "TestLimit" */;
			buildPhases = (
				BCFD9B171D5C7C9E00B67E82 /* Sources */,
				BCFD9B181D5C7C9E00B67E82 /* Frameworks */,
				BCFD9B191D5C7C9E00B67E82 /* Resources */,
			);
			buildRules = (
			);
			dependencies = (
			);
			name = TestLimit;
			productName = TestLimit;
			productReference = BCFD9B1B1D5C7C9E00B67E82 /* TestLimit.app */;
			productType = "com.apple.product-type.application";
		};
		BCFD9B2E1D5C7C9E00B67E82 /* TestLimitTests */ = {
			isa = PBXNativeTarget;
			buildConfigurationList = BCFD9B461D5C7C9E00B67E82 /* Build configuration list for PBXNativeTarget "TestLimitTests" */;
			buildPhases = (
				BCFD9B2B1D5C7C9E00B67E82 /* Sources */,
				BCFD9B2C1D5C7C9E00B67E82 /* Frameworks */,
				BCFD9B2D1D5C7C9E00B67E82 /* Resources */,
			);
			buildRules = (
			);
			dependencies = (
				BCFD9B311D5C7C9E00B67E82 /* PBXTargetDependency */,
			);
			name = TestLimitTests;
			productName = TestLimitTests;
			productReference = BCFD9B2F1D5C7C9E00B67E82 /* TestLimitTests.xctest */;
			productType = "com.apple.product-type.bundle.unit-test";
		};
		BCFD9B391D5C7C9E00B67E82 /* TestLimitUITests */ = {
			isa = PBXNativeTarget;
			buildConfigurationList = BCFD9B491D5C7C9E00B67E82 /* Build configuration list for PBXNativeTarget "TestLimitUITests" */;
			buildPhases = (
				BCFD9B361D5C7C9E00B67E82 /* Sources */,
				BCFD9B371D5C7C9E00B67E82 /* Frameworks */,
				BCFD9B381D5C7C9E00B67E82 /* Resources */,
			);
			buildRules = (
			);
			dependencies = (
				BCFD9B3C1D5C7C9E00B67E82 /* PBXTargetDependency */,
			);
			name = TestLimitUITests;
			productName = TestLimitUITests;
			productReference = BCFD9B3A1D5C7C9E00B67E82 /* TestLimitUITests.xctest */;
			productType = "com.apple.product-type.bundle.ui-testing";
		};
/* End PBXNativeTarget section */

/* Begin PBXProject section */
		BCFD9B131D5C7C9E00B67E82 /* Project object */ = {
			isa = PBXProject;
			attributes = {
				LastSwiftUpdateCheck = 0730;
				LastUpgradeCheck = 0730;
				ORGANIZATIONNAME = qianfeng;
				TargetAttributes = {
					BCFD9B1A1D5C7C9E00B67E82 = {
						CreatedOnToolsVersion = 7.3.1;
					};
					BCFD9B2E1D5C7C9E00B67E82 = {
						CreatedOnToolsVersion = 7.3.1;
						TestTargetID = BCFD9B1A1D5C7C9E00B67E82;
					};
					BCFD9B391D5C7C9E00B67E82 = {
						CreatedOnToolsVersion = 7.3.1;
						TestTargetID = BCFD9B1A1D5C7C9E00B67E82;
					};
				};
			};
			buildConfigurationList = BCFD9B161D5C7C9E00B67E82 /* Build configuration list for PBXProject "TestLimit" */;
			compatibilityVersion = "Xcode 3.2";
			developmentRegion = English;
			hasScannedForEncodings = 0;
			knownRegions = (
				en,
				Base,
			);
			mainGroup = BCFD9B121D5C7C9E00B67E82;
			productRefGroup = BCFD9B1C1D5C7C9E00B67E82 /* Products */;
			projectDirPath = "";
			projectRoot = "";
			targets = (
				BCFD9B1A1D5C7C9E00B67E82 /* TestLimit */,
				BCFD9B2E1D5C7C9E00B67E82 /* TestLimitTests */,
				BCFD9B391D5C7C9E00B67E82 /* TestLimitUITests */,
			);
		};
/* End PBXProject section */

/* Begin PBXResourcesBuildPhase section */
		BCFD9B191D5C7C9E00B67E82 /* Resources */ = {
			isa = PBXResourcesBuildPhase;
			buildActionMask = 2147483647;
			files = (
				BCFD9B291D5C7C9E00B67E82 /* LaunchScreen.storyboard in Resources */,
				BCFD9B261D5C7C9E00B67E82 /* Assets.xcassets in Resources */,
				BCFD9B241D5C7C9E00B67E82 /* Main.storyboard in Resources */,
			);
			runOnlyForDeploymentPostprocessing = 0;
		};
		BCFD9B2D1D5C7C9E00B67E82 /* Resources */ = {
			isa = PBXResourcesBuildPhase;
			buildActionMask = 2147483647;
			files = (
			);
			runOnlyForDeploymentPostprocessing = 0;
		};
		BCFD9B381D5C7C9E00B67E82 /* Resources */ = {
			isa = PBXResourcesBuildPhase;
			buildActionMask = 2147483647;
			files = (
			);
			runOnlyForDeploymentPostprocessing = 0;
		};
/* End PBXResourcesBuildPhase section */

/* Begin PBXSourcesBuildPhase section */
		BCFD9B171D5C7C9E00B67E82 /* Sources */ = {
			isa = PBXSourcesBuildPhase;
			buildActionMask = 2147483647;
			files = (
				BCFD9B211D5C7C9E00B67E82 /* ViewController.swift in Sources */,
				BCFD9B1F1D5C7C9E00B67E82 /* AppDelegate.swift in Sources */,
			);
			runOnlyForDeploymentPostprocessing = 0;
		};
		BCFD9B2B1D5C7C9E00B67E82 /* Sources */ = {
			isa = PBXSourcesBuildPhase;
			buildActionMask = 2147483647;
			files = (
				BCFD9B341D5C7C9E00B67E82 /* TestLimitTests.swift in Sources */,
			);
			runOnlyForDeploymentPostprocessing = 0;
		};
		BCFD9B361D5C7C9E00B67E82 /* Sources */ = {
			isa = PBXSourcesBuildPhase;
			buildActionMask = 2147483647;
			files = (
				BCFD9B3F1D5C7C9E00B67E82 /* TestLimitUITests.swift in Sources */,
			);
			runOnlyForDeploymentPostprocessing = 0;
		};
/* End PBXSourcesBuildPhase section */

/* Begin PBXTargetDependency section */
		BCFD9B311D5C7C9E00B67E82 /* PBXTargetDependency */ = {
			isa = PBXTargetDependency;
			target = BCFD9B1A1D5C7C9E00B67E82 /* TestLimit */;
			targetProxy = BCFD9B301D5C7C9E00B67E82 /* PBXContainerItemProxy */;
		};
		BCFD9B3C1D5C7C9E00B67E82 /* PBXTargetDependency */ = {
			isa = PBXTargetDependency;
			target = BCFD9B1A1D5C7C9E00B67E82 /* TestLimit */;
			targetProxy = BCFD9B3B1D5C7C9E00B67E82 /* PBXContainerItemProxy */;
		};
/* End PBXTargetDependency section */

/* Begin PBXVariantGroup section */
		BCFD9B221D5C7C9E00B67E82 /* Main.storyboard */ = {
			isa = PBXVariantGroup;
			children = (
				BCFD9B231D5C7C9E00B67E82 /* Base */,
			);
			name = Main.storyboard;
			sourceTree = "<group>";
		};
		BCFD9B271D5C7C9E00B67E82 /* LaunchScreen.storyboard */ = {
			isa = PBXVariantGroup;
			children = (
				BCFD9B281D5C7C9E00B67E82 /* Base */,
			);
			name = LaunchScreen.storyboard;
			sourceTree = "<group>";
		};
/* End PBXVariantGroup section */

/* Begin XCBuildConfiguration section */
		BCFD9B411D5C7C9E00B67E82 /* Debug */ = {
			isa = XCBuildConfiguration;
			buildSettings = {
				ALWAYS_SEARCH_USER_PATHS = NO;
				CLANG_ANALYZER_NONNULL = YES;
				CLANG_CXX_LANGUAGE_STANDARD = "gnu++0x";
				CLANG_CXX_LIBRARY = "libc++";
				CLANG_ENABLE_MODULES = YES;
				CLANG_ENABLE_OBJC_ARC = YES;
				CLANG_WARN_BOOL_CONVERSION = YES;
				CLANG_WARN_CONSTANT_CONVERSION = YES;
				CLANG_WARN_DIRECT_OBJC_ISA_USAGE = YES_ERROR;
				CLANG_WARN_EMPTY_BODY = YES;
				CLANG_WARN_ENUM_CONVERSION = YES;
				CLANG_WARN_INT_CONVERSION = YES;
				CLANG_WARN_OBJC_ROOT_CLASS = YES_ERROR;
				CLANG_WARN_UNREACHABLE_CODE = YES;
				CLANG_WARN__DUPLICATE_METHOD_MATCH = YES;
				"CODE_SIGN_IDENTITY[sdk=iphoneos*]" = "iPhone Developer";
				COPY_PHASE_STRIP = NO;
				DEBUG_INFORMATION_FORMAT = dwarf;
				ENABLE_STRICT_OBJC_MSGSEND = YES;
				ENABLE_TESTABILITY = YES;
				GCC_C_LANGUAGE_STANDARD = gnu99;
				GCC_DYNAMIC_NO_PIC = NO;
				GCC_NO_COMMON_BLOCKS = YES;
				GCC_OPTIMIZATION_LEVEL = 0;
				GCC_PREPROCESSOR_DEFINITIONS = (
					"DEBUG=1",
					"$(inherited)",
				);
				GCC_WARN_64_TO_32_BIT_CONVERSION = YES;
				GCC_WARN_ABOUT_RETURN_TYPE = YES_ERROR;
				GCC_WARN_UNDECLARED_SELECTOR = YES;
				GCC_WARN_UNINITIALIZED_AUTOS = YES_AGGRESSIVE;
				GCC_WARN_UNUSED_FUNCTION = YES;
				GCC_WARN_UNUSED_VARIABLE = YES;
				IPHONEOS_DEPLOYMENT_TARGET = 9.3;
				MTL_ENABLE_DEBUG_INFO = YES;
				ONLY_ACTIVE_ARCH = YES;
				SDKROOT = iphoneos;
				SWIFT_OPTIMIZATION_LEVEL = "-Onone";
			};
			name = Debug;
		};
		BCFD9B421D5C7C9E00B67E82 /* Release */ = {
			isa = XCBuildConfiguration;
			buildSettings = {
				ALWAYS_SEARCH_USER_PATHS = NO;
				CLANG_ANALYZER_NONNULL = YES;
				CLANG_CXX_LANGUAGE_STANDARD = "gnu++0x";
				CLANG_CXX_LIBRARY = "libc++";
				CLANG_ENABLE_MODULES = YES;
				CLANG_ENABLE_OBJC_ARC = YES;
				CLANG_WARN_BOOL_CONVERSION = YES;
				CLANG_WARN_CONSTANT_CONVERSION = YES;
				CLANG_WARN_DIRECT_OBJC_ISA_USAGE = YES_ERROR;
				CLANG_WARN_EMPTY_BODY = YES;
				CLANG_WARN_ENUM_CONVERSION = YES;
				CLANG_WARN_INT_CONVERSION = YES;
				CLANG_WARN_OBJC_ROOT_CLASS = YES_ERROR;
				CLANG_WARN_UNREACHABLE_CODE = YES;
				CLANG_WARN__DUPLICATE_METHOD_MATCH = YES;
				"CODE_SIGN_IDENTITY[sdk=iphoneos*]" = "iPhone Developer";
				COPY_PHASE_STRIP = NO;
				DEBUG_INFORMATION_FORMAT = "dwarf-with-dsym";
				ENABLE_NS_ASSERTIONS = NO;
				ENABLE_STRICT_OBJC_MSGSEND = YES;
				GCC_C_LANGUAGE_STANDARD = gnu99;
				GCC_NO_COMMON_BLOCKS = YES;
				GCC_WARN_64_TO_32_BIT_CONVERSION = YES;
				GCC_WARN_ABOUT_RETURN_TYPE = YES_ERROR;
				GCC_WARN_UNDECLARED_SELECTOR = YES;
				GCC_WARN_UNINITIALIZED_AUTOS = YES_AGGRESSIVE;
				GCC_WARN_UNUSED_FUNCTION = YES;
				GCC_WARN_UNUSED_VARIABLE = YES;
				IPHONEOS_DEPLOYMENT_TARGET = 9.3;
				MTL_ENABLE_DEBUG_INFO = NO;
				SDKROOT = iphoneos;
				VALIDATE_PRODUCT = YES;
			};
			name = Release;
		};
		BCFD9B441D5C7C9E00B67E82 /* Debug */ = {
			isa = XCBuildConfiguration;
			buildSettings = {
				ASSETCATALOG_COMPILER_APPICON_NAME = AppIcon;
				INFOPLIST_FILE = TestLimit/Info.plist;
				LD_RUNPATH_SEARCH_PATHS = "$(inherited) @executable_path/Frameworks";
				PRODUCT_BUNDLE_IDENTIFIER = com.qianfeng.TestLimit;
				PRODUCT_NAME = "$(TARGET_NAME)";
			};
			name = Debug;
		};
		BCFD9B451D5C7C9E00B67E82 /* Release */ = {
			isa = XCBuildConfiguration;
			buildSettings = {
				ASSETCATALOG_COMPILER_APPICON_NAME = AppIcon;
				INFOPLIST_FILE = TestLimit/Info.plist;
				LD_RUNPATH_SEARCH_PATHS = "$(inherited) @executable_path/Frameworks";
				PRODUCT_BUNDLE_IDENTIFIER = com.qianfeng.TestLimit;
				PRODUCT_NAME = "$(TARGET_NAME)";
			};
			name = Release;
		};
		BCFD9B471D5C7C9E00B67E82 /* Debug */ = {
			isa = XCBuildConfiguration;
			buildSettings = {
				BUNDLE_LOADER = "$(TEST_HOST)";
				INFOPLIST_FILE = TestLimitTests/Info.plist;
				LD_RUNPATH_SEARCH_PATHS = "$(inherited) @executable_path/Frameworks @loader_path/Frameworks";
				PRODUCT_BUNDLE_IDENTIFIER = com.qianfeng.TestLimitTests;
				PRODUCT_NAME = "$(TARGET_NAME)";
				TEST_HOST = "$(BUILT_PRODUCTS_DIR)/TestLimit.app/TestLimit";
			};
			name = Debug;
		};
		BCFD9B481D5C7C9E00B67E82 /* Release */ = {
			isa = XCBuildConfiguration;
			buildSettings = {
				BUNDLE_LOADER = "$(TEST_HOST)";
				INFOPLIST_FILE = TestLimitTests/Info.plist;
				LD_RUNPATH_SEARCH_PATHS = "$(inherited) @executable_path/Frameworks @loader_path/Frameworks";
				PRODUCT_BUNDLE_IDENTIFIER = com.qianfeng.TestLimitTests;
				PRODUCT_NAME = "$(TARGET_NAME)";
				TEST_HOST = "$(BUILT_PRODUCTS_DIR)/TestLimit.app/TestLimit";
			};
			name = Release;
		};
		BCFD9B4A1D5C7C9E00B67E82 /* Debug */ = {
			isa = XCBuildConfiguration;
			buildSettings = {
				INFOPLIST_FILE = TestLimitUITests/Info.plist;
				LD_RUNPATH_SEARCH_PATHS = "$(inherited) @executable_path/Frameworks @loader_path/Frameworks";
				PRODUCT_BUNDLE_IDENTIFIER = com.qianfeng.TestLimitUITests;
				PRODUCT_NAME = "$(TARGET_NAME)";
				TEST_TARGET_NAME = TestLimit;
			};
			name = Debug;
		};
		BCFD9B4B1D5C7C9E00B67E82 /* Release */ = {
			isa = XCBuildConfiguration;
			buildSettings = {
				INFOPLIST_FILE = TestLimitUITests/Info.plist;
				LD_RUNPATH_SEARCH_PATHS = "$(inherited) @executable_path/Frameworks @loader_path/Frameworks";
				PRODUCT_BUNDLE_IDENTIFIER = com.qianfeng.TestLimitUITests;
				PRODUCT_NAME = "$(TARGET_NAME)";
				TEST_TARGET_NAME = TestLimit;
			};
			name = Release;
		};
/* End XCBuildConfiguration section */

/* Begin XCConfigurationList section */
		BCFD9B161D5C7C9E00B67E82 /* Build configuration list for PBXProject "TestLimit" */ = {
			isa = XCConfigurationList;
			buildConfigurations = (
				BCFD9B411D5C7C9E00B67E82 /* Debug */,
				BCFD9B421D5C7C9E00B67E82 /* Release */,
			);
			defaultConfigurationIsVisible = 0;
			defaultConfigurationName = Release;
		};
		BCFD9B431D5C7C9E00B67E82 /* Build configuration list for PBXNativeTarget "TestLimit" */ = {
			isa = XCConfigurationList;
			buildConfigurations = (
				BCFD9B441D5C7C9E00B67E82 /* Debug */,
				BCFD9B451D5C7C9E00B67E82 /* Release */,
			);
			defaultConfigurationIsVisible = 0;
		};
		BCFD9B461D5C7C9E00B67E82 /* Build configuration list for PBXNativeTarget "TestLimitTests" */ = {
			isa = XCConfigurationList;
			buildConfigurations = (
				BCFD9B471D5C7C9E00B67E82 /* Debug */,
				BCFD9B481D5C7C9E00B67E82 /* Release */,
			);
			defaultConfigurationIsVisible = 0;
		};
		BCFD9B491D5C7C9E00B67E82 /* Build configuration list for PBXNativeTarget "TestLimitUITests" */ = {
			isa = XCConfigurationList;
			buildConfigurations = (
				BCFD9B4A1D5C7C9E00B67E82 /* Debug */,
				BCFD9B4B1D5C7C9E00B67E82 /* Release */,
			);
			defaultConfigurationIsVisible = 0;
		};
/* End XCConfigurationList section */
	};
	rootObject = BCFD9B131D5C7C9E00B67E82 /* Project object */;
}
